
Microsoft Visual Studio Solution File, Format Version 12.00
# Visual Studio 15
VisualStudioVersion = 15.0.27130.2010
MinimumVisualStudioVersion = 10.0.40219.1
Project("{FAE04EC0-301F-11D3-BF4B-00C04F79EFBC}") = "ED.Repositories", "ED.Repositories\ED.Repositories.csproj", "{17D7F7D9-64C1-431B-B835-100EA0E51665}"
EndProject
Project("{FAE04EC0-301F-11D3-BF4B-00C04F79EFBC}") = "ED.Repositories.Core", "ED.Repositories.Core\ED.Repositories.Core.csproj", "{D45BF5DE-12B1-4263-B3B5-93A37324EAC0}"
EndProject
Project("{FAE04EC0-301F-11D3-BF4B-00C04F79EFBC}") = "ED.Models", "ED.Models\ED.Models.csproj", "{A197E455-02D1-45CF-BBCA-4800117519DA}"
EndProject
Project("{FAE04EC0-301F-11D3-BF4B-00C04F79EFBC}") = "ED.Common", "ED.Common\ED.Common.csproj", "{113731DA-130B-4FA3-9C1D-B1335C9B6698}"
EndProject
Project("{FAE04EC0-301F-11D3-BF4B-00C04F79EFBC}") = "ED.Application", "ED.Application\ED.Application.csproj", "{B0908A52-1BC6-4E30-95A2-5EF5F140AEED}"
EndProject
Project("{FAE04EC0-301F-11D3-BF4B-00C04F79EFBC}") = "ED.Application.Test", "ED.Application.Test\ED.Application.Test.csproj", "{CE948232-4CEA-44A3-AE30-36C80F79B110}"
EndProject
Project("{FAE04EC0-301F-11D3-BF4B-00C04F79EFBC}") = "ED.WebAPI", "ED.WebAPI\ED.WebAPI.csproj", "{A99BDB03-7452-478E-9C4E-F1C1009C266B}"
EndProject
Project("{2150E333-8FDC-42A3-9474-1A3956D46DE8}") = "1.WebAPI", "1.WebAPI", "{B9BF983B-3E32-407C-B350-4D741BF2A4E9}"
EndProject
Project("{2150E333-8FDC-42A3-9474-1A3956D46DE8}") = "2.Application", "2.Application", "{A04A37EC-B990-452A-A67B-D452CB732760}"
EndProject
Project("{2150E333-8FDC-42A3-9474-1A3956D46DE8}") = "3.Infrastructure", "3.Infrastructure", "{C9E950D7-A10F-435B-B36D-9CA9D251AB1A}"
EndProject
Project("{2150E333-8FDC-42A3-9474-1A3956D46DE8}") = "4.Common", "4.Common", "{75DC811D-13DD-447B-BB16-C38838CACB9E}"
EndProject
Global
	GlobalSection(SolutionConfigurationPlatforms) = preSolution
		Debug|Any CPU = Debug|Any CPU
		Release|Any CPU = Release|Any CPU
	EndGlobalSection
	GlobalSection(ProjectConfigurationPlatforms) = postSolution
		{17D7F7D9-64C1-431B-B835-100EA0E51665}.Debug|Any CPU.ActiveCfg = Debug|Any CPU
		{17D7F7D9-64C1-431B-B835-100EA0E51665}.Debug|Any CPU.Build.0 = Debug|Any CPU
		{17D7F7D9-64C1-431B-B835-100EA0E51665}.Release|Any CPU.ActiveCfg = Release|Any CPU
		{17D7F7D9-64C1-431B-B835-100EA0E51665}.Release|Any CPU.Build.0 = Release|Any CPU
		{D45BF5DE-12B1-4263-B3B5-93A37324EAC0}.Debug|Any CPU.ActiveCfg = Debug|Any CPU
		{D45BF5DE-12B1-4263-B3B5-93A37324EAC0}.Debug|Any CPU.Build.0 = Debug|Any CPU
		{D45BF5DE-12B1-4263-B3B5-93A37324EAC0}.Release|Any CPU.ActiveCfg = Release|Any CPU
		{D45BF5DE-12B1-4263-B3B5-93A37324EAC0}.Release|Any CPU.Build.0 = Release|Any CPU
		{A197E455-02D1-45CF-BBCA-4800117519DA}.Debug|Any CPU.ActiveCfg = Debug|Any CPU
		{A197E455-02D1-45CF-BBCA-4800117519DA}.Debug|Any CPU.Build.0 = Debug|Any CPU
		{A197E455-02D1-45CF-BBCA-4800117519DA}.Release|Any CPU.ActiveCfg = Release|Any CPU
		{A197E455-02D1-45CF-BBCA-4800117519DA}.Release|Any CPU.Build.0 = Release|Any CPU
		{113731DA-130B-4FA3-9C1D-B1335C9B6698}.Debug|Any CPU.ActiveCfg = Debug|Any CPU
		{113731DA-130B-4FA3-9C1D-B1335C9B6698}.Debug|Any CPU.Build.0 = Debug|Any CPU
		{113731DA-130B-4FA3-9C1D-B1335C9B6698}.Release|Any CPU.ActiveCfg = Release|Any CPU
		{113731DA-130B-4FA3-9C1D-B1335C9B6698}.Release|Any CPU.Build.0 = Release|Any CPU
		{B0908A52-1BC6-4E30-95A2-5EF5F140AEED}.Debug|Any CPU.ActiveCfg = Debug|Any CPU
		{B0908A52-1BC6-4E30-95A2-5EF5F140AEED}.Debug|Any CPU.Build.0 = Debug|Any CPU
		{B0908A52-1BC6-4E30-95A2-5EF5F140AEED}.Release|Any CPU.ActiveCfg = Release|Any CPU
		{B0908A52-1BC6-4E30-95A2-5EF5F140AEED}.Release|Any CPU.Build.0 = Release|Any CPU
		{CE948232-4CEA-44A3-AE30-36C80F79B110}.Debug|Any CPU.ActiveCfg = Debug|Any CPU
		{CE948232-4CEA-44A3-AE30-36C80F79B110}.Debug|Any CPU.Build.0 = Debug|Any CPU
		{CE948232-4CEA-44A3-AE30-36C80F79B110}.Release|Any CPU.ActiveCfg = Release|Any CPU
		{CE948232-4CEA-44A3-AE30-36C80F79B110}.Release|Any CPU.Build.0 = Release|Any CPU
		{A99BDB03-7452-478E-9C4E-F1C1009C266B}.Debug|Any CPU.ActiveCfg = Debug|Any CPU
		{A99BDB03-7452-478E-9C4E-F1C1009C266B}.Debug|Any CPU.Build.0 = Debug|Any CPU
		{A99BDB03-7452-478E-9C4E-F1C1009C266B}.Release|Any CPU.ActiveCfg = Release|Any CPU
		{A99BDB03-7452-478E-9C4E-F1C1009C266B}.Release|Any CPU.Build.0 = Release|Any CPU
	EndGlobalSection
	GlobalSection(SolutionProperties) = preSolution
		HideSolutionNode = FALSE
	EndGlobalSection
	GlobalSection(NestedProjects) = preSolution
		{17D7F7D9-64C1-431B-B835-100EA0E51665} = {C9E950D7-A10F-435B-B36D-9CA9D251AB1A}
		{D45BF5DE-12B1-4263-B3B5-93A37324EAC0} = {C9E950D7-A10F-435B-B36D-9CA9D251AB1A}
		{A197E455-02D1-45CF-BBCA-4800117519DA} = {C9E950D7-A10F-435B-B36D-9CA9D251AB1A}
		{113731DA-130B-4FA3-9C1D-B1335C9B6698} = {75DC811D-13DD-447B-BB16-C38838CACB9E}
		{B0908A52-1BC6-4E30-95A2-5EF5F140AEED} = {A04A37EC-B990-452A-A67B-D452CB732760}
		{CE948232-4CEA-44A3-AE30-36C80F79B110} = {A04A37EC-B990-452A-A67B-D452CB732760}
		{A99BDB03-7452-478E-9C4E-F1C1009C266B} = {B9BF983B-3E32-407C-B350-4D741BF2A4E9}
	EndGlobalSection
	GlobalSection(ExtensibilityGlobals) = postSolution
		SolutionGuid = {6C667096-2247-459F-BC29-F8F22664AE00}
	EndGlobalSection
EndGlobal
